
Microsoft Visual Studio Solution File, Format Version 12.00
# Visual Studio Version 17
VisualStudioVersion = 17.4.33110.190
MinimumVisualStudioVersion = 10.0.40219.1
Project("{9A19103F-16F7-4668-BE54-9A1E7A4F7556}") = "Entities", "Entities\Entities.csproj", "{FD5EE010-0EB7-4DAA-BD10-5F8EFE0C269F}"
EndProject
Project("{9A19103F-16F7-4668-BE54-9A1E7A4F7556}") = "DataAccess", "DataAccess\DataAccess.csproj", "{74419B9E-BFDF-4911-8031-91498CD80014}"
EndProject
Project("{9A19103F-16F7-4668-BE54-9A1E7A4F7556}") = "Core", "Core\Core.csproj", "{7AA75AA5-B247-430A-BD34-7C80969ED7F5}"
EndProject
Project("{9A19103F-16F7-4668-BE54-9A1E7A4F7556}") = "Business", "Business\Business.csproj", "{A73DEC87-D082-47B1-8E98-616EAAF45A35}"
EndProject
Project("{FAE04EC0-301F-11D3-BF4B-00C04F79EFBC}") = "WebAPI", "WebAPI\WebAPI.csproj", "{9361EFB5-012A-4588-8A67-E52B8173B44F}"
EndProject
Global
	GlobalSection(SolutionConfigurationPlatforms) = preSolution
		Debug|Any CPU = Debug|Any CPU
		Release|Any CPU = Release|Any CPU
	EndGlobalSection
	GlobalSection(ProjectConfigurationPlatforms) = postSolution
		{FD5EE010-0EB7-4DAA-BD10-5F8EFE0C269F}.Debug|Any CPU.ActiveCfg = Debug|Any CPU
		{FD5EE010-0EB7-4DAA-BD10-5F8EFE0C269F}.Debug|Any CPU.Build.0 = Debug|Any CPU
		{FD5EE010-0EB7-4DAA-BD10-5F8EFE0C269F}.Release|Any CPU.ActiveCfg = Release|Any CPU
		{FD5EE010-0EB7-4DAA-BD10-5F8EFE0C269F}.Release|Any CPU.Build.0 = Release|Any CPU
		{74419B9E-BFDF-4911-8031-91498CD80014}.Debug|Any CPU.ActiveCfg = Debug|Any CPU
		{74419B9E-BFDF-4911-8031-91498CD80014}.Debug|Any CPU.Build.0 = Debug|Any CPU
		{74419B9E-BFDF-4911-8031-91498CD80014}.Release|Any CPU.ActiveCfg = Release|Any CPU
		{74419B9E-BFDF-4911-8031-91498CD80014}.Release|Any CPU.Build.0 = Release|Any CPU
		{7AA75AA5-B247-430A-BD34-7C80969ED7F5}.Debug|Any CPU.ActiveCfg = Debug|Any CPU
		{7AA75AA5-B247-430A-BD34-7C80969ED7F5}.Debug|Any CPU.Build.0 = Debug|Any CPU
		{7AA75AA5-B247-430A-BD34-7C80969ED7F5}.Release|Any CPU.ActiveCfg = Release|Any CPU
		{7AA75AA5-B247-430A-BD34-7C80969ED7F5}.Release|Any CPU.Build.0 = Release|Any CPU
		{A73DEC87-D082-47B1-8E98-616EAAF45A35}.Debug|Any CPU.ActiveCfg = Debug|Any CPU
		{A73DEC87-D082-47B1-8E98-616EAAF45A35}.Debug|Any CPU.Build.0 = Debug|Any CPU
		{A73DEC87-D082-47B1-8E98-616EAAF45A35}.Release|Any CPU.ActiveCfg = Release|Any CPU
		{A73DEC87-D082-47B1-8E98-616EAAF45A35}.Release|Any CPU.Build.0 = Release|Any CPU
		{9361EFB5-012A-4588-8A67-E52B8173B44F}.Debug|Any CPU.ActiveCfg = Debug|Any CPU
		{9361EFB5-012A-4588-8A67-E52B8173B44F}.Debug|Any CPU.Build.0 = Debug|Any CPU
		{9361EFB5-012A-4588-8A67-E52B8173B44F}.Release|Any CPU.ActiveCfg = Release|Any CPU
		{9361EFB5-012A-4588-8A67-E52B8173B44F}.Release|Any CPU.Build.0 = Release|Any CPU
	EndGlobalSection
	GlobalSection(SolutionProperties) = preSolution
		HideSolutionNode = FALSE
	EndGlobalSection
	GlobalSection(ExtensibilityGlobals) = postSolution
		SolutionGuid = {A7CC2452-7DE1-4C0A-B4EC-0A61AB5AE859}
	EndGlobalSection
EndGlobal
